// !$*UTF8*$!
{
	archiveVersion = 1;
	classes = {
	};
	objectVersion = 77;
	objects = {

/* Begin PBXBuildFile section */
		87C9D75F2CE2F074005BBDE8 /* digital-alarm-clock-151920.mp3 in Resources */ = {isa = PBXBuildFile; fileRef = 87C9D75E2CE2F074005BBDE8 /* digital-alarm-clock-151920.mp3 */; };
/* End PBXBuildFile section */

/* Begin PBXContainerItemProxy section */
		87C9D72B2CE2E3C8005BBDE8 /* PBXContainerItemProxy */ = {
			isa = PBXContainerItemProxy;
			containerPortal = 87C9D7122CE2E3C6005BBDE8 /* Project object */;
			proxyType = 1;
			remoteGlobalIDString = 87C9D7192CE2E3C6005BBDE8;
			remoteInfo = AlarmGroups;
		};
		87C9D7352CE2E3C8005BBDE8 /* PBXContainerItemProxy */ = {
			isa = PBXContainerItemProxy;
			containerPortal = 87C9D7122CE2E3C6005BBDE8 /* Project object */;
			proxyType = 1;
			remoteGlobalIDString = 87C9D7192CE2E3C6005BBDE8;
			remoteInfo = AlarmGroups;
		};
/* End PBXContainerItemProxy section */

/* Begin PBXFileReference section */
		87C9D71A2CE2E3C6005BBDE8 /* AlarmGroups.app */ = {isa = PBXFileReference; explicitFileType = wrapper.application; includeInIndex = 0; path = AlarmGroups.app; sourceTree = BUILT_PRODUCTS_DIR; };
		87C9D72A2CE2E3C8005BBDE8 /* AlarmGroupsTests.xctest */ = {isa = PBXFileReference; explicitFileType = wrapper.cfbundle; includeInIndex = 0; path = AlarmGroupsTests.xctest; sourceTree = BUILT_PRODUCTS_DIR; };
		87C9D7342CE2E3C8005BBDE8 /* AlarmGroupsUITests.xctest */ = {isa = PBXFileReference; explicitFileType = wrapper.cfbundle; includeInIndex = 0; path = AlarmGroupsUITests.xctest; sourceTree = BUILT_PRODUCTS_DIR; };
		87C9D75E2CE2F074005BBDE8 /* digital-alarm-clock-151920.mp3 */ = {isa = PBXFileReference; lastKnownFileType = audio.mp3; path = "digital-alarm-clock-151920.mp3"; sourceTree = "<group>"; };
/* End PBXFileReference section */

/* Begin PBXFileSystemSynchronizedBuildFileExceptionSet section */
		87C9D75D2CE2EDC6005BBDE8 /* Exceptions for "AlarmGroups" folder in "AlarmGroups" target */ = {
			isa = PBXFileSystemSynchronizedBuildFileExceptionSet;
			membershipExceptions = (
				Info.plist,
			);
			target = 87C9D7192CE2E3C6005BBDE8 /* AlarmGroups */;
		};
/* End PBXFileSystemSynchronizedBuildFileExceptionSet section */

/* Begin PBXFileSystemSynchronizedRootGroup section */
		87C9D71C2CE2E3C6005BBDE8 /* AlarmGroups */ = {
			isa = PBXFileSystemSynchronizedRootGroup;
			exceptions = (
				87C9D75D2CE2EDC6005BBDE8 /* Exceptions for "AlarmGroups" folder in "AlarmGroups" target */,
			);
			path = AlarmGroups;
			sourceTree = "<group>";
		};
		87C9D72D2CE2E3C8005BBDE8 /* AlarmGroupsTests */ = {
			isa = PBXFileSystemSynchronizedRootGroup;
			path = AlarmGroupsTests;
			sourceTree = "<group>";
		};
		87C9D7372CE2E3C8005BBDE8 /* AlarmGroupsUITests */ = {
			isa = PBXFileSystemSynchronizedRootGroup;
			path = AlarmGroupsUITests;
			sourceTree = "<group>";
		};
/* End PBXFileSystemSynchronizedRootGroup section */

/* Begin PBXFrameworksBuildPhase section */
		87C9D7172CE2E3C6005BBDE8 /* Frameworks */ = {
			isa = PBXFrameworksBuildPhase;
			buildActionMask = 2147483647;
			files = (
			);
			runOnlyForDeploymentPostprocessing = 0;
		};
		87C9D7272CE2E3C8005BBDE8 /* Frameworks */ = {
			isa = PBXFrameworksBuildPhase;
			buildActionMask = 2147483647;
			files = (
			);
			runOnlyForDeploymentPostprocessing = 0;
		};
		87C9D7312CE2E3C8005BBDE8 /* Frameworks */ = {
			isa = PBXFrameworksBuildPhase;
			buildActionMask = 2147483647;
			files = (
			);
			runOnlyForDeploymentPostprocessing = 0;
		};
/* End PBXFrameworksBuildPhase section */

/* Begin PBXGroup section */
		87C9D7112CE2E3C6005BBDE8 = {
			isa = PBXGroup;
			children = (
				87C9D75E2CE2F074005BBDE8 /* digital-alarm-clock-151920.mp3 */,
				87C9D71C2CE2E3C6005BBDE8 /* AlarmGroups */,
				87C9D72D2CE2E3C8005BBDE8 /* AlarmGroupsTests */,
				87C9D7372CE2E3C8005BBDE8 /* AlarmGroupsUITests */,
				87C9D71B2CE2E3C6005BBDE8 /* Products */,
			);
			sourceTree = "<group>";
		};
		87C9D71B2CE2E3C6005BBDE8 /* Products */ = {
			isa = PBXGroup;
			children = (
				87C9D71A2CE2E3C6005BBDE8 /* AlarmGroups.app */,
				87C9D72A2CE2E3C8005BBDE8 /* AlarmGroupsTests.xctest */,
				87C9D7342CE2E3C8005BBDE8 /* AlarmGroupsUITests.xctest */,
			);
			name = Products;
			sourceTree = "<group>";
		};
/* End PBXGroup section */

/* Begin PBXNativeTarget section */
		87C9D7192CE2E3C6005BBDE8 /* AlarmGroups */ = {
			isa = PBXNativeTarget;
			buildConfigurationList = 87C9D73E2CE2E3C8005BBDE8 /* Build configuration list for PBXNativeTarget "AlarmGroups" */;
			buildPhases = (
				87C9D7162CE2E3C6005BBDE8 /* Sources */,
				87C9D7172CE2E3C6005BBDE8 /* Frameworks */,
				87C9D7182CE2E3C6005BBDE8 /* Resources */,
			);
			buildRules = (
			);
			dependencies = (
			);
			fileSystemSynchronizedGroups = (
				87C9D71C2CE2E3C6005BBDE8 /* AlarmGroups */,
			);
			name = AlarmGroups;
			packageProductDependencies = (
			);
			productName = AlarmGroups;
			productReference = 87C9D71A2CE2E3C6005BBDE8 /* AlarmGroups.app */;
			productType = "com.apple.product-type.application";
		};
		87C9D7292CE2E3C8005BBDE8 /* AlarmGroupsTests */ = {
			isa = PBXNativeTarget;
			buildConfigurationList = 87C9D7412CE2E3C8005BBDE8 /* Build configuration list for PBXNativeTarget "AlarmGroupsTests" */;
			buildPhases = (
				87C9D7262CE2E3C8005BBDE8 /* Sources */,
				87C9D7272CE2E3C8005BBDE8 /* Frameworks */,
				87C9D7282CE2E3C8005BBDE8 /* Resources */,
			);
			buildRules = (
			);
			dependencies = (
				87C9D72C2CE2E3C8005BBDE8 /* PBXTargetDependency */,
			);
			fileSystemSynchronizedGroups = (
				87C9D72D2CE2E3C8005BBDE8 /* AlarmGroupsTests */,
			);
			name = AlarmGroupsTests;
			packageProductDependencies = (
			);
			productName = AlarmGroupsTests;
			productReference = 87C9D72A2CE2E3C8005BBDE8 /* AlarmGroupsTests.xctest */;
			productType = "com.apple.product-type.bundle.unit-test";
		};
		87C9D7332CE2E3C8005BBDE8 /* AlarmGroupsUITests */ = {
			isa = PBXNativeTarget;
			buildConfigurationList = 87C9D7442CE2E3C8005BBDE8 /* Build configuration list for PBXNativeTarget "AlarmGroupsUITests" */;
			buildPhases = (
				87C9D7302CE2E3C8005BBDE8 /* Sources */,
				87C9D7312CE2E3C8005BBDE8 /* Frameworks */,
				87C9D7322CE2E3C8005BBDE8 /* Resources */,
			);
			buildRules = (
			);
			dependencies = (
				87C9D7362CE2E3C8005BBDE8 /* PBXTargetDependency */,
			);
			fileSystemSynchronizedGroups = (
				87C9D7372CE2E3C8005BBDE8 /* AlarmGroupsUITests */,
			);
			name = AlarmGroupsUITests;
			packageProductDependencies = (
			);
			productName = AlarmGroupsUITests;
			productReference = 87C9D7342CE2E3C8005BBDE8 /* AlarmGroupsUITests.xctest */;
			productType = "com.apple.product-type.bundle.ui-testing";
		};
/* End PBXNativeTarget section */

/* Begin PBXProject section */
		87C9D7122CE2E3C6005BBDE8 /* Project object */ = {
			isa = PBXProject;
			attributes = {
				BuildIndependentTargetsInParallel = 1;
				LastSwiftUpdateCheck = 1610;
				LastUpgradeCheck = 1610;
				TargetAttributes = {
					87C9D7192CE2E3C6005BBDE8 = {
						CreatedOnToolsVersion = 16.1;
					};
					87C9D7292CE2E3C8005BBDE8 = {
						CreatedOnToolsVersion = 16.1;
						TestTargetID = 87C9D7192CE2E3C6005BBDE8;
					};
					87C9D7332CE2E3C8005BBDE8 = {
						CreatedOnToolsVersion = 16.1;
						TestTargetID = 87C9D7192CE2E3C6005BBDE8;
					};
				};
			};
			buildConfigurationList = 87C9D7152CE2E3C6005BBDE8 /* Build configuration list for PBXProject "AlarmGroups" */;
			developmentRegion = en;
			hasScannedForEncodings = 0;
			knownRegions = (
				en,
				Base,
			);
			mainGroup = 87C9D7112CE2E3C6005BBDE8;
			minimizedProjectReferenceProxies = 1;
			preferredProjectObjectVersion = 77;
			productRefGroup = 87C9D71B2CE2E3C6005BBDE8 /* Products */;
			projectDirPath = "";
			projectRoot = "";
			targets = (
				87C9D7192CE2E3C6005BBDE8 /* AlarmGroups */,
				87C9D7292CE2E3C8005BBDE8 /* AlarmGroupsTests */,
				87C9D7332CE2E3C8005BBDE8 /* AlarmGroupsUITests */,
			);
		};
/* End PBXProject section */

/* Begin PBXResourcesBuildPhase section */
		87C9D7182CE2E3C6005BBDE8 /* Resources */ = {
			isa = PBXResourcesBuildPhase;
			buildActionMask = 2147483647;
			files = (
				87C9D75F2CE2F074005BBDE8 /* digital-alarm-clock-151920.mp3 in Resources */,
			);
			runOnlyForDeploymentPostprocessing = 0;
		};
		87C9D7282CE2E3C8005BBDE8 /* Resources */ = {
			isa = PBXResourcesBuildPhase;
			buildActionMask = 2147483647;
			files = (
			);
			runOnlyForDeploymentPostprocessing = 0;
		};
		87C9D7322CE2E3C8005BBDE8 /* Resources */ = {
			isa = PBXResourcesBuildPhase;
			buildActionMask = 2147483647;
			files = (
			);
			runOnlyForDeploymentPostprocessing = 0;
		};
/* End PBXResourcesBuildPhase section */

/* Begin PBXSourcesBuildPhase section */
		87C9D7162CE2E3C6005BBDE8 /* Sources */ = {
			isa = PBXSourcesBuildPhase;
			buildActionMask = 2147483647;
			files = (
			);
			runOnlyForDeploymentPostprocessing = 0;
		};
		87C9D7262CE2E3C8005BBDE8 /* Sources */ = {
			isa = PBXSourcesBuildPhase;
			buildActionMask = 2147483647;
			files = (
			);
			runOnlyForDeploymentPostprocessing = 0;
		};
		87C9D7302CE2E3C8005BBDE8 /* Sources */ = {
			isa = PBXSourcesBuildPhase;
			buildActionMask = 2147483647;
			files = (
			);
			runOnlyForDeploymentPostprocessing = 0;
		};
/* End PBXSourcesBuildPhase section */

/* Begin PBXTargetDependency section */
		87C9D72C2CE2E3C8005BBDE8 /* PBXTargetDependency */ = {
			isa = PBXTargetDependency;
			target = 87C9D7192CE2E3C6005BBDE8 /* AlarmGroups */;
			targetProxy = 87C9D72B2CE2E3C8005BBDE8 /* PBXContainerItemProxy */;
		};
		87C9D7362CE2E3C8005BBDE8 /* PBXTargetDependency */ = {
			isa = PBXTargetDependency;
			target = 87C9D7192CE2E3C6005BBDE8 /* AlarmGroups */;
			targetProxy = 87C9D7352CE2E3C8005BBDE8 /* PBXContainerItemProxy */;
		};
/* End PBXTargetDependency section */

/* Begin XCBuildConfiguration section */
		87C9D73C2CE2E3C8005BBDE8 /* Debug */ = {
			isa = XCBuildConfiguration;
			buildSettings = {
				ALWAYS_SEARCH_USER_PATHS = NO;
				ASSETCATALOG_COMPILER_GENERATE_SWIFT_ASSET_SYMBOL_EXTENSIONS = YES;
				CLANG_ANALYZER_NONNULL = YES;
				CLANG_ANALYZER_NUMBER_OBJECT_CONVERSION = YES_AGGRESSIVE;
				CLANG_CXX_LANGUAGE_STANDARD = "gnu++20";
				CLANG_ENABLE_MODULES = YES;
				CLANG_ENABLE_OBJC_ARC = YES;
				CLANG_ENABLE_OBJC_WEAK = YES;
				CLANG_WARN_BLOCK_CAPTURE_AUTORELEASING = YES;
				CLANG_WARN_BOOL_CONVERSION = YES;
				CLANG_WARN_COMMA = YES;
				CLANG_WARN_CONSTANT_CONVERSION = YES;
				CLANG_WARN_DEPRECATED_OBJC_IMPLEMENTATIONS = YES;
				CLANG_WARN_DIRECT_OBJC_ISA_USAGE = YES_ERROR;
				CLANG_WARN_DOCUMENTATION_COMMENTS = YES;
				CLANG_WARN_EMPTY_BODY = YES;
				CLANG_WARN_ENUM_CONVERSION = YES;
				CLANG_WARN_INFINITE_RECURSION = YES;
				CLANG_WARN_INT_CONVERSION = YES;
				CLANG_WARN_NON_LITERAL_NULL_CONVERSION = YES;
				CLANG_WARN_OBJC_IMPLICIT_RETAIN_SELF = YES;
				CLANG_WARN_OBJC_LITERAL_CONVERSION = YES;
				CLANG_WARN_OBJC_ROOT_CLASS = YES_ERROR;
				CLANG_WARN_QUOTED_INCLUDE_IN_FRAMEWORK_HEADER = YES;
				CLANG_WARN_RANGE_LOOP_ANALYSIS = YES;
				CLANG_WARN_STRICT_PROTOTYPES = YES;
				CLANG_WARN_SUSPICIOUS_MOVE = YES;
				CLANG_WARN_UNGUARDED_AVAILABILITY = YES_AGGRESSIVE;
				CLANG_WARN_UNREACHABLE_CODE = YES;
				CLANG_WARN__DUPLICATE_METHOD_MATCH = YES;
				COPY_PHASE_STRIP = NO;
				DEBUG_INFORMATION_FORMAT = dwarf;
				ENABLE_STRICT_OBJC_MSGSEND = YES;
				ENABLE_TESTABILITY = YES;
				ENABLE_USER_SCRIPT_SANDBOXING = YES;
				GCC_C_LANGUAGE_STANDARD = gnu17;
				GCC_DYNAMIC_NO_PIC = NO;
				GCC_NO_COMMON_BLOCKS = YES;
				GCC_OPTIMIZATION_LEVEL = 0;
				GCC_PREPROCESSOR_DEFINITIONS = (
					"DEBUG=1",
					"$(inherited)",
				);
				GCC_WARN_64_TO_32_BIT_CONVERSION = YES;
				GCC_WARN_ABOUT_RETURN_TYPE = YES_ERROR;
				GCC_WARN_UNDECLARED_SELECTOR = YES;
				GCC_WARN_UNINITIALIZED_AUTOS = YES_AGGRESSIVE;
				GCC_WARN_UNUSED_FUNCTION = YES;
				GCC_WARN_UNUSED_VARIABLE = YES;
				IPHONEOS_DEPLOYMENT_TARGET = 18.1;
				LOCALIZATION_PREFERS_STRING_CATALOGS = YES;
				MTL_ENABLE_DEBUG_INFO = INCLUDE_SOURCE;
				MTL_FAST_MATH = YES;
				ONLY_ACTIVE_ARCH = YES;
				SDKROOT = iphoneos;
				SWIFT_ACTIVE_COMPILATION_CONDITIONS = "DEBUG $(inherited)";
				SWIFT_OPTIMIZATION_LEVEL = "-Onone";
			};
			name = Debug;
		};
		87C9D73D2CE2E3C8005BBDE8 /* Release */ = {
			isa = XCBuildConfiguration;
			buildSettings = {
				ALWAYS_SEARCH_USER_PATHS = NO;
				ASSETCATALOG_COMPILER_GENERATE_SWIFT_ASSET_SYMBOL_EXTENSIONS = YES;
				CLANG_ANALYZER_NONNULL = YES;
				CLANG_ANALYZER_NUMBER_OBJECT_CONVERSION = YES_AGGRESSIVE;
				CLANG_CXX_LANGUAGE_STANDARD = "gnu++20";
				CLANG_ENABLE_MODULES = YES;
				CLANG_ENABLE_OBJC_ARC = YES;
				CLANG_ENABLE_OBJC_WEAK = YES;
				CLANG_WARN_BLOCK_CAPTURE_AUTORELEASING = YES;
				CLANG_WARN_BOOL_CONVERSION = YES;
				CLANG_WARN_COMMA = YES;
				CLANG_WARN_CONSTANT_CONVERSION = YES;
				CLANG_WARN_DEPRECATED_OBJC_IMPLEMENTATIONS = YES;
				CLANG_WARN_DIRECT_OBJC_ISA_USAGE = YES_ERROR;
				CLANG_WARN_DOCUMENTATION_COMMENTS = YES;
				CLANG_WARN_EMPTY_BODY = YES;
				CLANG_WARN_ENUM_CONVERSION = YES;
				CLANG_WARN_INFINITE_RECURSION = YES;
				CLANG_WARN_INT_CONVERSION = YES;
				CLANG_WARN_NON_LITERAL_NULL_CONVERSION = YES;
				CLANG_WARN_OBJC_IMPLICIT_RETAIN_SELF = YES;
				CLANG_WARN_OBJC_LITERAL_CONVERSION = YES;
				CLANG_WARN_OBJC_ROOT_CLASS = YES_ERROR;
				CLANG_WARN_QUOTED_INCLUDE_IN_FRAMEWORK_HEADER = YES;
				CLANG_WARN_RANGE_LOOP_ANALYSIS = YES;
				CLANG_WARN_STRICT_PROTOTYPES = YES;
				CLANG_WARN_SUSPICIOUS_MOVE = YES;
				CLANG_WARN_UNGUARDED_AVAILABILITY = YES_AGGRESSIVE;
				CLANG_WARN_UNREACHABLE_CODE = YES;
				CLANG_WARN__DUPLICATE_METHOD_MATCH = YES;
				COPY_PHASE_STRIP = NO;
				DEBUG_INFORMATION_FORMAT = "dwarf-with-dsym";
				ENABLE_NS_ASSERTIONS = NO;
				ENABLE_STRICT_OBJC_MSGSEND = YES;
				ENABLE_USER_SCRIPT_SANDBOXING = YES;
				GCC_C_LANGUAGE_STANDARD = gnu17;
				GCC_NO_COMMON_BLOCKS = YES;
				GCC_WARN_64_TO_32_BIT_CONVERSION = YES;
				GCC_WARN_ABOUT_RETURN_TYPE = YES_ERROR;
				GCC_WARN_UNDECLARED_SELECTOR = YES;
				GCC_WARN_UNINITIALIZED_AUTOS = YES_AGGRESSIVE;
				GCC_WARN_UNUSED_FUNCTION = YES;
				GCC_WARN_UNUSED_VARIABLE = YES;
				IPHONEOS_DEPLOYMENT_TARGET = 18.1;
				LOCALIZATION_PREFERS_STRING_CATALOGS = YES;
				MTL_ENABLE_DEBUG_INFO = NO;
				MTL_FAST_MATH = YES;
				SDKROOT = iphoneos;
				SWIFT_COMPILATION_MODE = wholemodule;
				VALIDATE_PRODUCT = YES;
			};
			name = Release;
		};
		87C9D73F2CE2E3C8005BBDE8 /* Debug */ = {
			isa = XCBuildConfiguration;
			buildSettings = {
				ASSETCATALOG_COMPILER_APPICON_NAME = AppIcon;
				ASSETCATALOG_COMPILER_GLOBAL_ACCENT_COLOR_NAME = AccentColor;
				CODE_SIGN_STYLE = Automatic;
				CURRENT_PROJECT_VERSION = 1;
				DEVELOPMENT_ASSET_PATHS = "\"AlarmGroups/Preview Content\"";
				DEVELOPMENT_TEAM = ZFRY27R59W;
				ENABLE_PREVIEWS = YES;
				GENERATE_INFOPLIST_FILE = YES;
				INFOPLIST_KEY_UIApplicationSceneManifest_Generation = YES;
				INFOPLIST_KEY_UIApplicationSupportsIndirectInputEvents = YES;
				INFOPLIST_KEY_UILaunchScreen_Generation = YES;
				INFOPLIST_KEY_UISupportedInterfaceOrientations_iPad = "UIInterfaceOrientationPortrait UIInterfaceOrientationPortraitUpsideDown UIInterfaceOrientationLandscapeLeft UIInterfaceOrientationLandscapeRight";
				INFOPLIST_KEY_UISupportedInterfaceOrientations_iPhone = "UIInterfaceOrientationPortrait UIInterfaceOrientationLandscapeLeft UIInterfaceOrientationLandscapeRight";
				LD_RUNPATH_SEARCH_PATHS = (
					"$(inherited)",
					"@executable_path/Frameworks",
				);
				MARKETING_VERSION = 1.0;
				PRODUCT_BUNDLE_IDENTIFIER = mvp.AlarmGroups;
				PRODUCT_NAME = "$(TARGET_NAME)";
				SWIFT_EMIT_LOC_STRINGS = YES;
				SWIFT_VERSION = 5.0;
				TARGETED_DEVICE_FAMILY = "1,2";
			};
			name = Debug;
		};
		87C9D7402CE2E3C8005BBDE8 /* Release */ = {
			isa = XCBuildConfiguration;
			buildSettings = {
				ASSETCATALOG_COMPILER_APPICON_NAME = AppIcon;
				ASSETCATALOG_COMPILER_GLOBAL_ACCENT_COLOR_NAME = AccentColor;
				CODE_SIGN_STYLE = Automatic;
				CURRENT_PROJECT_VERSION = 1;
				DEVELOPMENT_ASSET_PATHS = "\"AlarmGroups/Preview Content\"";
				DEVELOPMENT_TEAM = ZFRY27R59W;
				ENABLE_PREVIEWS = YES;
				GENERATE_INFOPLIST_FILE = YES;
				INFOPLIST_KEY_UIApplicationSceneManifest_Generation = YES;
				INFOPLIST_KEY_UIApplicationSupportsIndirectInputEvents = YES;
				INFOPLIST_KEY_UILaunchScreen_Generation = YES;
				INFOPLIST_KEY_UISupportedInterfaceOrientations_iPad = "UIInterfaceOrientationPortrait UIInterfaceOrientationPortraitUpsideDown UIInterfaceOrientationLandscapeLeft UIInterfaceOrientationLandscapeRight";
				INFOPLIST_KEY_UISupportedInterfaceOrientations_iPhone = "UIInterfaceOrientationPortrait UIInterfaceOrientationLandscapeLeft UIInterfaceOrientationLandscapeRight";
				LD_RUNPATH_SEARCH_PATHS = (
					"$(inherited)",
					"@executable_path/Frameworks",
				);
				MARKETING_VERSION = 1.0;
				PRODUCT_BUNDLE_IDENTIFIER = mvp.AlarmGroups;
				PRODUCT_NAME = "$(TARGET_NAME)";
				SWIFT_EMIT_LOC_STRINGS = YES;
				SWIFT_VERSION = 5.0;
				TARGETED_DEVICE_FAMILY = "1,2";
			};
			name = Release;
		};
		87C9D7422CE2E3C8005BBDE8 /* Debug */ = {
			isa = XCBuildConfiguration;
			buildSettings = {
				BUNDLE_LOADER = "$(TEST_HOST)";
				CODE_SIGN_STYLE = Automatic;
				CURRENT_PROJECT_VERSION = 1;
				DEVELOPMENT_TEAM = ZFRY27R59W;
				GENERATE_INFOPLIST_FILE = YES;
				IPHONEOS_DEPLOYMENT_TARGET = 18.1;
				MARKETING_VERSION = 1.0;
				PRODUCT_BUNDLE_IDENTIFIER = mvp.AlarmGroupsTests;
				PRODUCT_NAME = "$(TARGET_NAME)";
				SWIFT_EMIT_LOC_STRINGS = NO;
				SWIFT_VERSION = 5.0;
				TARGETED_DEVICE_FAMILY = "1,2";
				TEST_HOST = "$(BUILT_PRODUCTS_DIR)/AlarmGroups.app/$(BUNDLE_EXECUTABLE_FOLDER_PATH)/AlarmGroups";
			};
			name = Debug;
		};
		87C9D7432CE2E3C8005BBDE8 /* Release */ = {
			isa = XCBuildConfiguration;
			buildSettings = {
				BUNDLE_LOADER = "$(TEST_HOST)";
				CODE_SIGN_STYLE = Automatic;
				CURRENT_PROJECT_VERSION = 1;
				DEVELOPMENT_TEAM = ZFRY27R59W;
				GENERATE_INFOPLIST_FILE = YES;
				IPHONEOS_DEPLOYMENT_TARGET = 18.1;
				MARKETING_VERSION = 1.0;
				PRODUCT_BUNDLE_IDENTIFIER = mvp.AlarmGroupsTests;
				PRODUCT_NAME = "$(TARGET_NAME)";
				SWIFT_EMIT_LOC_STRINGS = NO;
				SWIFT_VERSION = 5.0;
				TARGETED_DEVICE_FAMILY = "1,2";
				TEST_HOST = "$(BUILT_PRODUCTS_DIR)/AlarmGroups.app/$(BUNDLE_EXECUTABLE_FOLDER_PATH)/AlarmGroups";
			};
			name = Release;
		};
		87C9D7452CE2E3C8005BBDE8 /* Debug */ = {
			isa = XCBuildConfiguration;
			buildSettings = {
				CODE_SIGN_STYLE = Automatic;
				CURRENT_PROJECT_VERSION = 1;
				DEVELOPMENT_TEAM = ZFRY27R59W;
				GENERATE_INFOPLIST_FILE = YES;
				MARKETING_VERSION = 1.0;
				PRODUCT_BUNDLE_IDENTIFIER = mvp.AlarmGroupsUITests;
				PRODUCT_NAME = "$(TARGET_NAME)";
				SWIFT_EMIT_LOC_STRINGS = NO;
				SWIFT_VERSION = 5.0;
				TARGETED_DEVICE_FAMILY = "1,2";
				TEST_TARGET_NAME = AlarmGroups;
			};
			name = Debug;
		};
		87C9D7462CE2E3C8005BBDE8 /* Release */ = {
			isa = XCBuildConfiguration;
			buildSettings = {
				CODE_SIGN_STYLE = Automatic;
				CURRENT_PROJECT_VERSION = 1;
				DEVELOPMENT_TEAM = ZFRY27R59W;
				GENERATE_INFOPLIST_FILE = YES;
				MARKETING_VERSION = 1.0;
				PRODUCT_BUNDLE_IDENTIFIER = mvp.AlarmGroupsUITests;
				PRODUCT_NAME = "$(TARGET_NAME)";
				SWIFT_EMIT_LOC_STRINGS = NO;
				SWIFT_VERSION = 5.0;
				TARGETED_DEVICE_FAMILY = "1,2";
				TEST_TARGET_NAME = AlarmGroups;
			};
			name = Release;
		};
/* End XCBuildConfiguration section */

/* Begin XCConfigurationList section */
		87C9D7152CE2E3C6005BBDE8 /* Build configuration list for PBXProject "AlarmGroups" */ = {
			isa = XCConfigurationList;
			buildConfigurations = (
				87C9D73C2CE2E3C8005BBDE8 /* Debug */,
				87C9D73D2CE2E3C8005BBDE8 /* Release */,
			);
			defaultConfigurationIsVisible = 0;
			defaultConfigurationName = Release;
		};
		87C9D73E2CE2E3C8005BBDE8 /* Build configuration list for PBXNativeTarget "AlarmGroups" */ = {
			isa = XCConfigurationList;
			buildConfigurations = (
				87C9D73F2CE2E3C8005BBDE8 /* Debug */,
				87C9D7402CE2E3C8005BBDE8 /* Release */,
			);
			defaultConfigurationIsVisible = 0;
			defaultConfigurationName = Release;
		};
		87C9D7412CE2E3C8005BBDE8 /* Build configuration list for PBXNativeTarget "AlarmGroupsTests" */ = {
			isa = XCConfigurationList;
			buildConfigurations = (
				87C9D7422CE2E3C8005BBDE8 /* Debug */,
				87C9D7432CE2E3C8005BBDE8 /* Release */,
			);
			defaultConfigurationIsVisible = 0;
			defaultConfigurationName = Release;
		};
		87C9D7442CE2E3C8005BBDE8 /* Build configuration list for PBXNativeTarget "AlarmGroupsUITests" */ = {
			isa = XCConfigurationList;
			buildConfigurations = (
				87C9D7452CE2E3C8005BBDE8 /* Debug */,
				87C9D7462CE2E3C8005BBDE8 /* Release */,
			);
			defaultConfigurationIsVisible = 0;
			defaultConfigurationName = Release;
		};
/* End XCConfigurationList section */
	};
	rootObject = 87C9D7122CE2E3C6005BBDE8 /* Project object */;
}
